{
  "object": {
    "pins": [
      {
        "package": "CTptpParsing",
        "repositoryURL": "https://github.com/AleGit/CTptpParsing.git",
        "state": {
          "branch": "develop",
          "revision": "50d226f8f877fea86500dba1aeb9c3b84116bc38",
          "version": null
        }
      },
      {
        "package": "CYices",
        "repositoryURL": "https://github.com/AleGit/CYices.git",
        "state": {
          "branch": "develop",
          "revision": "fe331dadae739fca7acfce828fc085dcd3f034d5",
          "version": null
        }
      },
      {
        "package": "CZ3Api",
        "repositoryURL": "https://github.com/AleGit/CZ3API.git",
        "state": {
          "branch": "master",
          "revision": "811f2fae503c557c21f43fd1cc40d06d7e607c42",
          "version": null
        }
      },
      {
        "package": "swift-argument-parser",
        "repositoryURL": "https://github.com/apple/swift-argument-parser",
        "state": {
          "branch": null,
          "revision": "92646c0cdbaca076c8d3d0207891785b3379cbff",
          "version": "0.3.1"
        }
      }
    ]
  },
  "version": 1
}
