{
  "object": {
    "pins": [
      {
        "package": "CTptpParsing",
        "repositoryURL": "https://github.com/AleGit/CTptpParsing.git",
        "state": {
          "branch": null,
          "revision": "54fd7687414df1688fc9b91acabef8f1e8365e98",
          "version": "1.0.0"
        }
      },
      {
        "package": "CYices",
        "repositoryURL": "https://github.com/AleGit/CYices.git",
        "state": {
          "branch": null,
          "revision": "f1228f5e4a175bad212b44240c688215b4d8d53f",
          "version": "1.0.0"
        }
      },
      {
        "package": "CZ3Api",
        "repositoryURL": "https://github.com/AleGit/CZ3API.git",
        "state": {
          "branch": null,
          "revision": "d7f288ccd763733904ee5f78d77b5faddf3cadbc",
          "version": "1.0.0"
        }
      }
    ]
  },
  "version": 1
}
