{
  "object": {
    "pins": [
      {
        "package": "CTptpParsing",
        "repositoryURL": "https://github.com/AleGit/CTptpParsing.git",
        "state": {
          "branch": "develop",
          "revision": "e30f3699a057708d8986475718e853e1726fff2b",
          "version": null
        }
      },
      {
        "package": "CYices",
        "repositoryURL": "https://github.com/AleGit/CYices.git",
        "state": {
          "branch": "develop",
          "revision": "fe331dadae739fca7acfce828fc085dcd3f034d5",
          "version": null
        }
      },
      {
        "package": "CZ3Api",
        "repositoryURL": "https://github.com/AleGit/CZ3API.git",
        "state": {
          "branch": "master",
          "revision": "811f2fae503c557c21f43fd1cc40d06d7e607c42",
          "version": null
        }
      },
      {
        "package": "swift-algorithms",
        "repositoryURL": "https://github.com/apple/swift-algorithms",
        "state": {
          "branch": null,
          "revision": "1e761dd787b0f148f0b7aec42a7ff401767c26fa",
          "version": "0.0.3"
        }
      },
      {
        "package": "swift-argument-parser",
        "repositoryURL": "https://github.com/apple/swift-argument-parser",
        "state": {
          "branch": null,
          "revision": "69ddee8c323ed468539e3b05e8c01e3d5a37bf6a",
          "version": "0.4.0"
        }
      },
      {
        "package": "swift-log",
        "repositoryURL": "https://github.com/apple/swift-log.git",
        "state": {
          "branch": null,
          "revision": "5d66f7ba25daf4f94100e7022febf3c75e37a6c7",
          "version": "1.4.2"
        }
      },
      {
        "package": "swift-numerics",
        "repositoryURL": "https://github.com/apple/swift-numerics",
        "state": {
          "branch": null,
          "revision": "6583ac70c326c3ee080c1d42d9ca3361dca816cd",
          "version": "0.1.0"
        }
      }
    ]
  },
  "version": 1
}
